
Microsoft Visual Studio Solution File, Format Version 12.00
Project("{2150E333-8FDC-42A3-9474-1A3956D46DE8}") = "Src", "Src", "{272F37E9-F226-4F9A-9FB6-8F34770880DC}"
EndProject
Project("{2150E333-8FDC-42A3-9474-1A3956D46DE8}") = "Test", "Test", "{06147520-A58F-445C-A536-30ABE4C7C4BB}"
EndProject
Project("{2150E333-8FDC-42A3-9474-1A3956D46DE8}") = "Core", "Core", "{C6EEAE68-D326-4887-A7A5-0EA3B51EF4A9}"
EndProject
Project("{2150E333-8FDC-42A3-9474-1A3956D46DE8}") = "Infrastructure.Data", "Infrastructure.Data", "{21EC88F5-E88C-4A4E-AC65-089ED303EAC4}"
EndProject
Project("{2150E333-8FDC-42A3-9474-1A3956D46DE8}") = "Api", "Api", "{6DEEF6C4-1CEF-4FF3-803E-582A22345342}"
EndProject
Project("{FAE04EC0-301F-11D3-BF4B-00C04F79EFBC}") = "PersonnelManagement.Entities", "Src\Core\PersonnelManagement.Entities\PersonnelManagement.Entities.csproj", "{4267C06E-58E8-41E4-B1A1-A0770C5F0118}"
EndProject
Project("{FAE04EC0-301F-11D3-BF4B-00C04F79EFBC}") = "PersonnelManagement.UseCases", "Src\Core\PersonnelManagement.UseCases\PersonnelManagement.UseCases.csproj", "{8008D75E-1BE4-44F0-A62C-AAA6B6CE3D62}"
EndProject
Project("{FAE04EC0-301F-11D3-BF4B-00C04F79EFBC}") = "PersonnelManagement.Infrastructure.Data", "Src\Infrastructure.Data\PersonnelManagement.Infrastructure.Data\PersonnelManagement.Infrastructure.Data.csproj", "{5F78EC9C-C7C6-42DE-9DCD-CC2006E89F3E}"
EndProject
Project("{FAE04EC0-301F-11D3-BF4B-00C04F79EFBC}") = "PersonnelManagement.RestApi", "Src\Api\PersonnelManagement.RestApi\PersonnelManagement.RestApi.csproj", "{A1123C1D-6E4E-4FF4-99B9-944BC7B42608}"
EndProject
Project("{FAE04EC0-301F-11D3-BF4B-00C04F79EFBC}") = "PersonnelManagement.UnitTest", "Test\PersonnelManagement.UnitTest\PersonnelManagement.UnitTest.csproj", "{5D0AAD96-7316-4216-84EB-EA7B7BB2A993}"
EndProject
Project("{FAE04EC0-301F-11D3-BF4B-00C04F79EFBC}") = "PersonnelManagement.IntegrationTest", "Test\PersonnelManagement.IntegrationTest\PersonnelManagement.IntegrationTest.csproj", "{0164F914-E917-492F-B8B4-5B9149C27B63}"
EndProject
Project("{2150E333-8FDC-42A3-9474-1A3956D46DE8}") = "Migration", "Migration", "{3CCB353F-9522-48C4-ACD2-A7B284A37CAC}"
EndProject
Project("{FAE04EC0-301F-11D3-BF4B-00C04F79EFBC}") = "PersonnelManagement.Migrations", "Src\Migration\PersonnelManagement.Migrations\PersonnelManagement.Migrations.csproj", "{C03D42B0-53CF-4441-BD67-5BCE8E7DF91E}"
EndProject
Global
	GlobalSection(SolutionConfigurationPlatforms) = preSolution
		Debug|Any CPU = Debug|Any CPU
		Release|Any CPU = Release|Any CPU
	EndGlobalSection
	GlobalSection(NestedProjects) = preSolution
		{C6EEAE68-D326-4887-A7A5-0EA3B51EF4A9} = {272F37E9-F226-4F9A-9FB6-8F34770880DC}
		{21EC88F5-E88C-4A4E-AC65-089ED303EAC4} = {272F37E9-F226-4F9A-9FB6-8F34770880DC}
		{6DEEF6C4-1CEF-4FF3-803E-582A22345342} = {272F37E9-F226-4F9A-9FB6-8F34770880DC}
		{4267C06E-58E8-41E4-B1A1-A0770C5F0118} = {C6EEAE68-D326-4887-A7A5-0EA3B51EF4A9}
		{8008D75E-1BE4-44F0-A62C-AAA6B6CE3D62} = {C6EEAE68-D326-4887-A7A5-0EA3B51EF4A9}
		{5F78EC9C-C7C6-42DE-9DCD-CC2006E89F3E} = {21EC88F5-E88C-4A4E-AC65-089ED303EAC4}
		{A1123C1D-6E4E-4FF4-99B9-944BC7B42608} = {6DEEF6C4-1CEF-4FF3-803E-582A22345342}
		{5D0AAD96-7316-4216-84EB-EA7B7BB2A993} = {06147520-A58F-445C-A536-30ABE4C7C4BB}
		{0164F914-E917-492F-B8B4-5B9149C27B63} = {06147520-A58F-445C-A536-30ABE4C7C4BB}
		{3CCB353F-9522-48C4-ACD2-A7B284A37CAC} = {272F37E9-F226-4F9A-9FB6-8F34770880DC}
		{C03D42B0-53CF-4441-BD67-5BCE8E7DF91E} = {3CCB353F-9522-48C4-ACD2-A7B284A37CAC}
	EndGlobalSection
	GlobalSection(ProjectConfigurationPlatforms) = postSolution
		{4267C06E-58E8-41E4-B1A1-A0770C5F0118}.Debug|Any CPU.ActiveCfg = Debug|Any CPU
		{4267C06E-58E8-41E4-B1A1-A0770C5F0118}.Debug|Any CPU.Build.0 = Debug|Any CPU
		{4267C06E-58E8-41E4-B1A1-A0770C5F0118}.Release|Any CPU.ActiveCfg = Release|Any CPU
		{4267C06E-58E8-41E4-B1A1-A0770C5F0118}.Release|Any CPU.Build.0 = Release|Any CPU
		{8008D75E-1BE4-44F0-A62C-AAA6B6CE3D62}.Debug|Any CPU.ActiveCfg = Debug|Any CPU
		{8008D75E-1BE4-44F0-A62C-AAA6B6CE3D62}.Debug|Any CPU.Build.0 = Debug|Any CPU
		{8008D75E-1BE4-44F0-A62C-AAA6B6CE3D62}.Release|Any CPU.ActiveCfg = Release|Any CPU
		{8008D75E-1BE4-44F0-A62C-AAA6B6CE3D62}.Release|Any CPU.Build.0 = Release|Any CPU
		{5F78EC9C-C7C6-42DE-9DCD-CC2006E89F3E}.Debug|Any CPU.ActiveCfg = Debug|Any CPU
		{5F78EC9C-C7C6-42DE-9DCD-CC2006E89F3E}.Debug|Any CPU.Build.0 = Debug|Any CPU
		{5F78EC9C-C7C6-42DE-9DCD-CC2006E89F3E}.Release|Any CPU.ActiveCfg = Release|Any CPU
		{5F78EC9C-C7C6-42DE-9DCD-CC2006E89F3E}.Release|Any CPU.Build.0 = Release|Any CPU
		{A1123C1D-6E4E-4FF4-99B9-944BC7B42608}.Debug|Any CPU.ActiveCfg = Debug|Any CPU
		{A1123C1D-6E4E-4FF4-99B9-944BC7B42608}.Debug|Any CPU.Build.0 = Debug|Any CPU
		{A1123C1D-6E4E-4FF4-99B9-944BC7B42608}.Release|Any CPU.ActiveCfg = Release|Any CPU
		{A1123C1D-6E4E-4FF4-99B9-944BC7B42608}.Release|Any CPU.Build.0 = Release|Any CPU
		{5D0AAD96-7316-4216-84EB-EA7B7BB2A993}.Debug|Any CPU.ActiveCfg = Debug|Any CPU
		{5D0AAD96-7316-4216-84EB-EA7B7BB2A993}.Debug|Any CPU.Build.0 = Debug|Any CPU
		{5D0AAD96-7316-4216-84EB-EA7B7BB2A993}.Release|Any CPU.ActiveCfg = Release|Any CPU
		{5D0AAD96-7316-4216-84EB-EA7B7BB2A993}.Release|Any CPU.Build.0 = Release|Any CPU
		{0164F914-E917-492F-B8B4-5B9149C27B63}.Debug|Any CPU.ActiveCfg = Debug|Any CPU
		{0164F914-E917-492F-B8B4-5B9149C27B63}.Debug|Any CPU.Build.0 = Debug|Any CPU
		{0164F914-E917-492F-B8B4-5B9149C27B63}.Release|Any CPU.ActiveCfg = Release|Any CPU
		{0164F914-E917-492F-B8B4-5B9149C27B63}.Release|Any CPU.Build.0 = Release|Any CPU
		{C03D42B0-53CF-4441-BD67-5BCE8E7DF91E}.Debug|Any CPU.ActiveCfg = Debug|Any CPU
		{C03D42B0-53CF-4441-BD67-5BCE8E7DF91E}.Debug|Any CPU.Build.0 = Debug|Any CPU
		{C03D42B0-53CF-4441-BD67-5BCE8E7DF91E}.Release|Any CPU.ActiveCfg = Release|Any CPU
		{C03D42B0-53CF-4441-BD67-5BCE8E7DF91E}.Release|Any CPU.Build.0 = Release|Any CPU
	EndGlobalSection
EndGlobal
